<Solution>
  <Configurations>
    <Platform Name="Any CPU" />
    <Platform Name="x86" />
  </Configurations>
  <Folder Name="/RagEvaluations/" Id="95da9a4d-c661-5744-8068-7a4efb7c2bd4">
    <Project Path="KnowledgeAssistant.Support/RagEvaluation/RagEvaluation.csproj" Id="48789e82-11fd-4ca2-a4ce-405f40810ca8" />
    <Project Path="KnowledgeAssistant.Support/RagEvaluation.Wpf/RagEvaluation.Wpf.csproj" />
  </Folder>
  <Folder Name="/Shared/">
    <Project Path="KnowledgeAssistant.Shared/OllamaClient/OllamaClient.csproj" Id="49327a0f-3a32-41bb-a459-07a2a96b59b8" />
  </Folder>
  <Folder Name="/Tools/">
    <Project Path="KnowledgeAssistant.Tools/DocumentCreator/DocumentCreator.csproj" />
    <Project Path="KnowledgeAssistant.Tools/TablesExtractor/TablesExtractor/TablesExtractor.csproj" Id="c2ed7b3c-8db5-488b-8210-570f57e20596" />
  </Folder>
  <Project Path="KnowledgeAssistant.Api/KnowledgeAssistant.Api.csproj" />
  <Project Path="KnowledgeAssistant.Application/KnowledgeAssistant.Application.csproj" />
  <Project Path="KnowledgeAssistant.Contracts/KnowledgeAssistant.Contracts.csproj" />
  <Project Path="KnowledgeAssistant.Domain/KnowledgeAssistant.Domain.csproj" />
  <Project Path="KnowledgeAssistant.Infrastructure/KnowledgeAssistant.Infrastructure.csproj" />
  <Project Path="KnowledgeAssistant.Wpf.Installer/KnowledgeAssistant.Wpf.Installer.wixproj" Id="4b1f606b-df74-4c0b-b2cb-76fabcacfe0e">
    <Platform Project="x86" />
    <Build />
  </Project>
  <Project Path="KnowledgeAssistant.Wpf/KnowledgeAssistant.Wpf.csproj" />
</Solution>
